// !$*UTF8*$!
{
	archiveVersion = 1;
	classes = {
	};
	objectVersion = 50;
	objects = {

/* Begin PBXBuildFile section */
		040929B62100DAA7004B57CF /* Tasks.storyboard in Resources */ = {isa = PBXBuildFile; fileRef = 040929B82100DAA7004B57CF /* Tasks.storyboard */; };
		041264392100E4070069E0B4 /* Localizable.strings in Resources */ = {isa = PBXBuildFile; fileRef = 0412643B2100E4070069E0B4 /* Localizable.strings */; };
		0412644F210105B80069E0B4 /* Localizable.strings in Resources */ = {isa = PBXBuildFile; fileRef = 0412643B2100E4070069E0B4 /* Localizable.strings */; };
		041264522101DF210069E0B4 /* JustDoIt_7_to_8.xcmappingmodel in Sources */ = {isa = PBXBuildFile; fileRef = 041264512101DF210069E0B4 /* JustDoIt_7_to_8.xcmappingmodel */; };
		041264532101E1240069E0B4 /* JustDoIt_7_to_8.xcmappingmodel in Sources */ = {isa = PBXBuildFile; fileRef = 041264512101DF210069E0B4 /* JustDoIt_7_to_8.xcmappingmodel */; };
		041264582101ECA10069E0B4 /* DueDateTableViewController.swift in Sources */ = {isa = PBXBuildFile; fileRef = 041264572101ECA10069E0B4 /* DueDateTableViewController.swift */; };
		0412645A2101ECB50069E0B4 /* ReminderDateTableViewController.swift in Sources */ = {isa = PBXBuildFile; fileRef = 041264592101ECB50069E0B4 /* ReminderDateTableViewController.swift */; };
		04126463210205D30069E0B4 /* ReminderDateTableViewCell.swift in Sources */ = {isa = PBXBuildFile; fileRef = 04126462210205D30069E0B4 /* ReminderDateTableViewCell.swift */; };
		04126468210225590069E0B4 /* Date.swift in Sources */ = {isa = PBXBuildFile; fileRef = 04126467210225590069E0B4 /* Date.swift */; };
		041FB248210086680076C504 /* ListTableViewController.swift in Sources */ = {isa = PBXBuildFile; fileRef = 041FB247210086680076C504 /* ListTableViewController.swift */; };
		041FB24A2100934F0076C504 /* AddListTableViewController.swift in Sources */ = {isa = PBXBuildFile; fileRef = 041FB2492100934F0076C504 /* AddListTableViewController.swift */; };
		044DB39620DBD06C001A464F /* AppDelegate.swift in Sources */ = {isa = PBXBuildFile; fileRef = 044DB39520DBD06C001A464F /* AppDelegate.swift */; };
		044DB39B20DBD06C001A464F /* Lists.storyboard in Resources */ = {isa = PBXBuildFile; fileRef = 044DB39920DBD06C001A464F /* Lists.storyboard */; };
		044DB39D20DBD06D001A464F /* Assets.xcassets in Resources */ = {isa = PBXBuildFile; fileRef = 044DB39C20DBD06D001A464F /* Assets.xcassets */; };
		044DB3A020DBD06D001A464F /* LaunchScreen.storyboard in Resources */ = {isa = PBXBuildFile; fileRef = 044DB39E20DBD06D001A464F /* LaunchScreen.storyboard */; };
		044DB3AF20DBD25B001A464F /* ListsViewController.swift in Sources */ = {isa = PBXBuildFile; fileRef = 044DB3AE20DBD25B001A464F /* ListsViewController.swift */; };
		044DB3B320DBDC2B001A464F /* ListTableViewCell.swift in Sources */ = {isa = PBXBuildFile; fileRef = 044DB3B220DBDC2B001A464F /* ListTableViewCell.swift */; };
		044DB3B520DBDEF6001A464F /* CoreDataManager.swift in Sources */ = {isa = PBXBuildFile; fileRef = 044DB3B420DBDEF6001A464F /* CoreDataManager.swift */; };
		044DB3B820DBF02A001A464F /* JustDoIt.xcdatamodeld in Sources */ = {isa = PBXBuildFile; fileRef = 044DB3B620DBF02A001A464F /* JustDoIt.xcdatamodeld */; };
		044DB3BF20DCE6D3001A464F /* UIViewController.swift in Sources */ = {isa = PBXBuildFile; fileRef = 044DB3BE20DCE6D3001A464F /* UIViewController.swift */; };
		044DB3CE20DCF6DB001A464F /* TasksViewController.swift in Sources */ = {isa = PBXBuildFile; fileRef = 044DB3CD20DCF6DB001A464F /* TasksViewController.swift */; };
		044DB3D020DCF6EC001A464F /* TaskTableViewCell.swift in Sources */ = {isa = PBXBuildFile; fileRef = 044DB3CF20DCF6EC001A464F /* TaskTableViewCell.swift */; };
		047B5ED120FF74EA00CD2E69 /* TaskTableViewController.swift in Sources */ = {isa = PBXBuildFile; fileRef = 047B5ED020FF74EA00CD2E69 /* TaskTableViewController.swift */; };
		047B5ED320FF869F00CD2E69 /* AddTaskTableViewController.swift in Sources */ = {isa = PBXBuildFile; fileRef = 047B5ED220FF869F00CD2E69 /* AddTaskTableViewController.swift */; };
		0489F2F420E2448800A768C8 /* IconViewController.swift in Sources */ = {isa = PBXBuildFile; fileRef = 0489F2F320E2448800A768C8 /* IconViewController.swift */; };
		04C8F66D20EF789D00A8B7B4 /* Task.swift in Sources */ = {isa = PBXBuildFile; fileRef = 04C8F66C20EF789D00A8B7B4 /* Task.swift */; };
		04C8F67220F3A7BA00A8B7B4 /* IconTableViewCell.swift in Sources */ = {isa = PBXBuildFile; fileRef = 04C8F67120F3A7BA00A8B7B4 /* IconTableViewCell.swift */; };
		04DC332F20F64E03003678D2 /* JustDoIt_6_to_7.xcmappingmodel in Sources */ = {isa = PBXBuildFile; fileRef = 04DC332E20F64E03003678D2 /* JustDoIt_6_to_7.xcmappingmodel */; };
		04DC334E20F76939003678D2 /* NotificationCenter.framework in Frameworks */ = {isa = PBXBuildFile; fileRef = 04DC333620F75301003678D2 /* NotificationCenter.framework */; };
		04DC335120F76939003678D2 /* TodayViewController.swift in Sources */ = {isa = PBXBuildFile; fileRef = 04DC335020F76939003678D2 /* TodayViewController.swift */; };
		04DC335420F76939003678D2 /* Widget.storyboard in Resources */ = {isa = PBXBuildFile; fileRef = 04DC335220F76939003678D2 /* Widget.storyboard */; };
		04DC335820F76939003678D2 /* JustDoIt Widget.appex in Embed App Extensions */ = {isa = PBXBuildFile; fileRef = 04DC334D20F76939003678D2 /* JustDoIt Widget.appex */; settings = {ATTRIBUTES = (RemoveHeadersOnCopy, ); }; };
		04DC335C20F77B32003678D2 /* CoreDataManager.swift in Sources */ = {isa = PBXBuildFile; fileRef = 044DB3B420DBDEF6001A464F /* CoreDataManager.swift */; };
		04DC335D20F78419003678D2 /* JustDoIt.xcdatamodeld in Sources */ = {isa = PBXBuildFile; fileRef = 044DB3B620DBF02A001A464F /* JustDoIt.xcdatamodeld */; };
		04DC336420F7859E003678D2 /* TaskWidgetTableViewCell.swift in Sources */ = {isa = PBXBuildFile; fileRef = 04DC336320F7859E003678D2 /* TaskWidgetTableViewCell.swift */; };
		04DC336520F78A24003678D2 /* Task.swift in Sources */ = {isa = PBXBuildFile; fileRef = 04C8F66C20EF789D00A8B7B4 /* Task.swift */; };
		04DC336620F78A28003678D2 /* JustDoIt_6_to_7.xcmappingmodel in Sources */ = {isa = PBXBuildFile; fileRef = 04DC332E20F64E03003678D2 /* JustDoIt_6_to_7.xcmappingmodel */; };
		04DC336920FB8EED003678D2 /* Assets.xcassets in Resources */ = {isa = PBXBuildFile; fileRef = 044DB39C20DBD06D001A464F /* Assets.xcassets */; };
/* End PBXBuildFile section */

/* Begin PBXContainerItemProxy section */
		04DC335620F76939003678D2 /* PBXContainerItemProxy */ = {
			isa = PBXContainerItemProxy;
			containerPortal = 044DB38A20DBD06C001A464F /* Project object */;
			proxyType = 1;
			remoteGlobalIDString = 04DC334C20F76939003678D2;
			remoteInfo = "JustDoIt Widget";
		};
/* End PBXContainerItemProxy section */

/* Begin PBXCopyFilesBuildPhase section */
		04DC334520F75302003678D2 /* Embed App Extensions */ = {
			isa = PBXCopyFilesBuildPhase;
			buildActionMask = 2147483647;
			dstPath = "";
			dstSubfolderSpec = 13;
			files = (
				04DC335820F76939003678D2 /* JustDoIt Widget.appex in Embed App Extensions */,
			);
			name = "Embed App Extensions";
			runOnlyForDeploymentPostprocessing = 0;
		};
/* End PBXCopyFilesBuildPhase section */

/* Begin PBXFileReference section */
		040929B02100D9B3004B57CF /* en */ = {isa = PBXFileReference; lastKnownFileType = text.plist.strings; name = en; path = en.lproj/Lists.strings; sourceTree = "<group>"; };
		040929B12100DA29004B57CF /* ru */ = {isa = PBXFileReference; lastKnownFileType = text.plist.strings; name = ru; path = ru.lproj/Lists.strings; sourceTree = "<group>"; };
		040929B32100DA29004B57CF /* ru */ = {isa = PBXFileReference; lastKnownFileType = text.plist.strings; name = ru; path = ru.lproj/Widget.strings; sourceTree = "<group>"; };
		040929B72100DAA7004B57CF /* Base */ = {isa = PBXFileReference; lastKnownFileType = file.storyboard; name = Base; path = Base.lproj/Tasks.storyboard; sourceTree = "<group>"; };
		0412643A2100E4070069E0B4 /* en */ = {isa = PBXFileReference; lastKnownFileType = text.plist.strings; name = en; path = en.lproj/Localizable.strings; sourceTree = "<group>"; };
		0412643C2100E4090069E0B4 /* ru */ = {isa = PBXFileReference; lastKnownFileType = text.plist.strings; name = ru; path = ru.lproj/Localizable.strings; sourceTree = "<group>"; };
		041264502101DEA60069E0B4 /* JustDoIt 8.xcdatamodel */ = {isa = PBXFileReference; lastKnownFileType = wrapper.xcdatamodel; path = "JustDoIt 8.xcdatamodel"; sourceTree = "<group>"; };
		041264512101DF210069E0B4 /* JustDoIt_7_to_8.xcmappingmodel */ = {isa = PBXFileReference; lastKnownFileType = wrapper.xcmappingmodel; path = JustDoIt_7_to_8.xcmappingmodel; sourceTree = "<group>"; };
		041264572101ECA10069E0B4 /* DueDateTableViewController.swift */ = {isa = PBXFileReference; lastKnownFileType = sourcecode.swift; path = DueDateTableViewController.swift; sourceTree = "<group>"; };
		041264592101ECB50069E0B4 /* ReminderDateTableViewController.swift */ = {isa = PBXFileReference; lastKnownFileType = sourcecode.swift; path = ReminderDateTableViewController.swift; sourceTree = "<group>"; };
		0412645C2101F5BD0069E0B4 /* en */ = {isa = PBXFileReference; lastKnownFileType = text.plist.strings; name = en; path = en.lproj/Tasks.strings; sourceTree = "<group>"; };
		0412645E2101F5C00069E0B4 /* ru */ = {isa = PBXFileReference; lastKnownFileType = text.plist.strings; name = ru; path = ru.lproj/Tasks.strings; sourceTree = "<group>"; };
		04126462210205D30069E0B4 /* ReminderDateTableViewCell.swift */ = {isa = PBXFileReference; lastKnownFileType = sourcecode.swift; path = ReminderDateTableViewCell.swift; sourceTree = "<group>"; };
		04126467210225590069E0B4 /* Date.swift */ = {isa = PBXFileReference; lastKnownFileType = sourcecode.swift; path = Date.swift; sourceTree = "<group>"; };
		041FB247210086680076C504 /* ListTableViewController.swift */ = {isa = PBXFileReference; lastKnownFileType = sourcecode.swift; path = ListTableViewController.swift; sourceTree = "<group>"; };
		041FB2492100934F0076C504 /* AddListTableViewController.swift */ = {isa = PBXFileReference; lastKnownFileType = sourcecode.swift; path = AddListTableViewController.swift; sourceTree = "<group>"; };
		044DB39220DBD06C001A464F /* JustDoIt.app */ = {isa = PBXFileReference; explicitFileType = wrapper.application; includeInIndex = 0; path = JustDoIt.app; sourceTree = BUILT_PRODUCTS_DIR; };
		044DB39520DBD06C001A464F /* AppDelegate.swift */ = {isa = PBXFileReference; lastKnownFileType = sourcecode.swift; path = AppDelegate.swift; sourceTree = "<group>"; };
		044DB39A20DBD06C001A464F /* Base */ = {isa = PBXFileReference; lastKnownFileType = file.storyboard; name = Base; path = Base.lproj/Lists.storyboard; sourceTree = "<group>"; };
		044DB39C20DBD06D001A464F /* Assets.xcassets */ = {isa = PBXFileReference; lastKnownFileType = folder.assetcatalog; path = Assets.xcassets; sourceTree = "<group>"; };
		044DB39F20DBD06D001A464F /* Base */ = {isa = PBXFileReference; lastKnownFileType = file.storyboard; name = Base; path = Base.lproj/LaunchScreen.storyboard; sourceTree = "<group>"; };
		044DB3A120DBD06D001A464F /* Info.plist */ = {isa = PBXFileReference; lastKnownFileType = text.plist.xml; path = Info.plist; sourceTree = "<group>"; };
		044DB3AE20DBD25B001A464F /* ListsViewController.swift */ = {isa = PBXFileReference; lastKnownFileType = sourcecode.swift; path = ListsViewController.swift; sourceTree = "<group>"; };
		044DB3B220DBDC2B001A464F /* ListTableViewCell.swift */ = {isa = PBXFileReference; lastKnownFileType = sourcecode.swift; path = ListTableViewCell.swift; sourceTree = "<group>"; };
		044DB3B420DBDEF6001A464F /* CoreDataManager.swift */ = {isa = PBXFileReference; lastKnownFileType = sourcecode.swift; path = CoreDataManager.swift; sourceTree = "<group>"; };
		044DB3B720DBF02A001A464F /* JustDoIt.xcdatamodel */ = {isa = PBXFileReference; lastKnownFileType = wrapper.xcdatamodel; path = JustDoIt.xcdatamodel; sourceTree = "<group>"; };
		044DB3BE20DCE6D3001A464F /* UIViewController.swift */ = {isa = PBXFileReference; lastKnownFileType = sourcecode.swift; path = UIViewController.swift; sourceTree = "<group>"; };
		044DB3CD20DCF6DB001A464F /* TasksViewController.swift */ = {isa = PBXFileReference; lastKnownFileType = sourcecode.swift; path = TasksViewController.swift; sourceTree = "<group>"; };
		044DB3CF20DCF6EC001A464F /* TaskTableViewCell.swift */ = {isa = PBXFileReference; lastKnownFileType = sourcecode.swift; path = TaskTableViewCell.swift; sourceTree = "<group>"; };
		044DB3D320DD1284001A464F /* JustDoIt 2.xcdatamodel */ = {isa = PBXFileReference; lastKnownFileType = wrapper.xcdatamodel; path = "JustDoIt 2.xcdatamodel"; sourceTree = "<group>"; };
		0455D2482100DE5300FB814F /* en */ = {isa = PBXFileReference; lastKnownFileType = text.plist.strings; name = en; path = en.lproj/Widget.strings; sourceTree = "<group>"; };
		047B5ED020FF74EA00CD2E69 /* TaskTableViewController.swift */ = {isa = PBXFileReference; lastKnownFileType = sourcecode.swift; path = TaskTableViewController.swift; sourceTree = "<group>"; };
		047B5ED220FF869F00CD2E69 /* AddTaskTableViewController.swift */ = {isa = PBXFileReference; lastKnownFileType = sourcecode.swift; path = AddTaskTableViewController.swift; sourceTree = "<group>"; };
		0489F2F120E2397200A768C8 /* JustDoIt 3.xcdatamodel */ = {isa = PBXFileReference; lastKnownFileType = wrapper.xcdatamodel; path = "JustDoIt 3.xcdatamodel"; sourceTree = "<group>"; };
		0489F2F320E2448800A768C8 /* IconViewController.swift */ = {isa = PBXFileReference; lastKnownFileType = sourcecode.swift; path = IconViewController.swift; sourceTree = "<group>"; };
		04C8F66C20EF789D00A8B7B4 /* Task.swift */ = {isa = PBXFileReference; lastKnownFileType = sourcecode.swift; path = Task.swift; sourceTree = "<group>"; };
		04C8F66E20EF8CE500A8B7B4 /* JustDoIt 5.xcdatamodel */ = {isa = PBXFileReference; lastKnownFileType = wrapper.xcdatamodel; path = "JustDoIt 5.xcdatamodel"; sourceTree = "<group>"; };
		04C8F66F20EFBB7C00A8B7B4 /* JustDoIt 6.xcdatamodel */ = {isa = PBXFileReference; lastKnownFileType = wrapper.xcdatamodel; path = "JustDoIt 6.xcdatamodel"; sourceTree = "<group>"; };
		04C8F67120F3A7BA00A8B7B4 /* IconTableViewCell.swift */ = {isa = PBXFileReference; lastKnownFileType = sourcecode.swift; path = IconTableViewCell.swift; sourceTree = "<group>"; };
		04DC332D20F64D2F003678D2 /* JustDoIt 7.xcdatamodel */ = {isa = PBXFileReference; lastKnownFileType = wrapper.xcdatamodel; path = "JustDoIt 7.xcdatamodel"; sourceTree = "<group>"; };
		04DC332E20F64E03003678D2 /* JustDoIt_6_to_7.xcmappingmodel */ = {isa = PBXFileReference; lastKnownFileType = wrapper.xcmappingmodel; path = JustDoIt_6_to_7.xcmappingmodel; sourceTree = "<group>"; };
		04DC333620F75301003678D2 /* NotificationCenter.framework */ = {isa = PBXFileReference; lastKnownFileType = wrapper.framework; name = NotificationCenter.framework; path = System/Library/Frameworks/NotificationCenter.framework; sourceTree = SDKROOT; };
		04DC334D20F76939003678D2 /* JustDoIt Widget.appex */ = {isa = PBXFileReference; explicitFileType = "wrapper.app-extension"; includeInIndex = 0; path = "JustDoIt Widget.appex"; sourceTree = BUILT_PRODUCTS_DIR; };
		04DC335020F76939003678D2 /* TodayViewController.swift */ = {isa = PBXFileReference; lastKnownFileType = sourcecode.swift; path = TodayViewController.swift; sourceTree = "<group>"; };
		04DC335320F76939003678D2 /* Base */ = {isa = PBXFileReference; lastKnownFileType = file.storyboard; name = Base; path = Base.lproj/Widget.storyboard; sourceTree = "<group>"; };
		04DC335520F76939003678D2 /* Info.plist */ = {isa = PBXFileReference; lastKnownFileType = text.plist.xml; path = Info.plist; sourceTree = "<group>"; };
		04DC336320F7859E003678D2 /* TaskWidgetTableViewCell.swift */ = {isa = PBXFileReference; lastKnownFileType = sourcecode.swift; path = TaskWidgetTableViewCell.swift; sourceTree = "<group>"; };
		04DC336720F78C73003678D2 /* JustDoIt Widget.entitlements */ = {isa = PBXFileReference; lastKnownFileType = text.plist.entitlements; path = "JustDoIt Widget.entitlements"; sourceTree = "<group>"; };
		04DC336820F78CB1003678D2 /* JustDoIt.entitlements */ = {isa = PBXFileReference; lastKnownFileType = text.plist.entitlements; path = JustDoIt.entitlements; sourceTree = "<group>"; };
		04F90E5920E391BE00CDE216 /* JustDoIt 4.xcdatamodel */ = {isa = PBXFileReference; lastKnownFileType = wrapper.xcdatamodel; path = "JustDoIt 4.xcdatamodel"; sourceTree = "<group>"; };
/* End PBXFileReference section */

/* Begin PBXFrameworksBuildPhase section */
		044DB38F20DBD06C001A464F /* Frameworks */ = {
			isa = PBXFrameworksBuildPhase;
			buildActionMask = 2147483647;
			files = (
			);
			runOnlyForDeploymentPostprocessing = 0;
		};
		04DC334A20F76939003678D2 /* Frameworks */ = {
			isa = PBXFrameworksBuildPhase;
			buildActionMask = 2147483647;
			files = (
				04DC334E20F76939003678D2 /* NotificationCenter.framework in Frameworks */,
			);
			runOnlyForDeploymentPostprocessing = 0;
		};
/* End PBXFrameworksBuildPhase section */

/* Begin PBXGroup section */
		041264542101EC3B0069E0B4 /* Due Date Table View Controller */ = {
			isa = PBXGroup;
			children = (
				041264572101ECA10069E0B4 /* DueDateTableViewController.swift */,
			);
			path = "Due Date Table View Controller";
			sourceTree = "<group>";
		};
		041264562101EC6D0069E0B4 /* Reminder Date Table View Controller */ = {
			isa = PBXGroup;
			children = (
				041264592101ECB50069E0B4 /* ReminderDateTableViewController.swift */,
				04126461210205B80069E0B4 /* Table View Cells */,
			);
			path = "Reminder Date Table View Controller";
			sourceTree = "<group>";
		};
		041264602101FC7E0069E0B4 /* Localization */ = {
			isa = PBXGroup;
			children = (
				0412643B2100E4070069E0B4 /* Localizable.strings */,
			);
			path = Localization;
			sourceTree = "<group>";
		};
		04126461210205B80069E0B4 /* Table View Cells */ = {
			isa = PBXGroup;
			children = (
				04126462210205D30069E0B4 /* ReminderDateTableViewCell.swift */,
			);
			path = "Table View Cells";
			sourceTree = "<group>";
		};
		044DB38920DBD06C001A464F = {
			isa = PBXGroup;
			children = (
				044DB39420DBD06C001A464F /* JustDoIt */,
				04DC334F20F76939003678D2 /* JustDoIt Widget */,
				041264602101FC7E0069E0B4 /* Localization */,
				04DC333520F75301003678D2 /* Frameworks */,
				044DB39320DBD06C001A464F /* Products */,
			);
			sourceTree = "<group>";
		};
		044DB39320DBD06C001A464F /* Products */ = {
			isa = PBXGroup;
			children = (
				044DB39220DBD06C001A464F /* JustDoIt.app */,
				04DC334D20F76939003678D2 /* JustDoIt Widget.appex */,
			);
			name = Products;
			sourceTree = "<group>";
		};
		044DB39420DBD06C001A464F /* JustDoIt */ = {
			isa = PBXGroup;
			children = (
				044DB3AD20DBD1F1001A464F /* Application Delegate */,
				044DB3AC20DBD1DE001A464F /* View Controllers */,
				044DB3AB20DBD1CC001A464F /* Storyboards */,
				044DB3BD20DCE6B6001A464F /* Extensions */,
				044DB3AA20DBD1C1001A464F /* Resources */,
				044DB3A820DBD1A7001A464F /* Core Data */,
				044DB3A720DBD0A4001A464F /* Supporting Files */,
			);
			path = JustDoIt;
			sourceTree = "<group>";
		};
		044DB3A720DBD0A4001A464F /* Supporting Files */ = {
			isa = PBXGroup;
			children = (
				04DC336820F78CB1003678D2 /* JustDoIt.entitlements */,
				044DB3A120DBD06D001A464F /* Info.plist */,
			);
			path = "Supporting Files";
			sourceTree = "<group>";
		};
		044DB3A820DBD1A7001A464F /* Core Data */ = {
			isa = PBXGroup;
			children = (
				04C8F66B20EF788900A8B7B4 /* Extensions */,
				044DB3B420DBDEF6001A464F /* CoreDataManager.swift */,
				044DB3B620DBF02A001A464F /* JustDoIt.xcdatamodeld */,
				04DC332E20F64E03003678D2 /* JustDoIt_6_to_7.xcmappingmodel */,
				041264512101DF210069E0B4 /* JustDoIt_7_to_8.xcmappingmodel */,
			);
			path = "Core Data";
			sourceTree = "<group>";
		};
		044DB3AA20DBD1C1001A464F /* Resources */ = {
			isa = PBXGroup;
			children = (
				044DB39C20DBD06D001A464F /* Assets.xcassets */,
			);
			path = Resources;
			sourceTree = "<group>";
		};
		044DB3AB20DBD1CC001A464F /* Storyboards */ = {
			isa = PBXGroup;
			children = (
				044DB39920DBD06C001A464F /* Lists.storyboard */,
				040929B82100DAA7004B57CF /* Tasks.storyboard */,
				044DB39E20DBD06D001A464F /* LaunchScreen.storyboard */,
			);
			path = Storyboards;
			sourceTree = "<group>";
		};
		044DB3AC20DBD1DE001A464F /* View Controllers */ = {
			isa = PBXGroup;
			children = (
				044DB3B920DBF3BC001A464F /* Lists */,
				044DB3C420DCF673001A464F /* Tasks */,
			);
			path = "View Controllers";
			sourceTree = "<group>";
		};
		044DB3AD20DBD1F1001A464F /* Application Delegate */ = {
			isa = PBXGroup;
			children = (
				044DB39520DBD06C001A464F /* AppDelegate.swift */,
			);
			path = "Application Delegate";
			sourceTree = "<group>";
		};
		044DB3B020DBD25E001A464F /* Lists View Controller */ = {
			isa = PBXGroup;
			children = (
				044DB3AE20DBD25B001A464F /* ListsViewController.swift */,
				044DB3B120DBDC13001A464F /* Table View Cells */,
			);
			path = "Lists View Controller";
			sourceTree = "<group>";
		};
		044DB3B120DBDC13001A464F /* Table View Cells */ = {
			isa = PBXGroup;
			children = (
				044DB3B220DBDC2B001A464F /* ListTableViewCell.swift */,
			);
			path = "Table View Cells";
			sourceTree = "<group>";
		};
		044DB3B920DBF3BC001A464F /* Lists */ = {
			isa = PBXGroup;
			children = (
				044DB3B020DBD25E001A464F /* Lists View Controller */,
				044DB3BA20DCE498001A464F /* Add List Table View Controller */,
				044DB3C120DCF05C001A464F /* List Table View Controller */,
				0489F2F220E2441500A768C8 /* Icon View Controller */,
			);
			path = Lists;
			sourceTree = "<group>";
		};
		044DB3BA20DCE498001A464F /* Add List Table View Controller */ = {
			isa = PBXGroup;
			children = (
				041FB2492100934F0076C504 /* AddListTableViewController.swift */,
			);
			path = "Add List Table View Controller";
			sourceTree = "<group>";
		};
		044DB3BD20DCE6B6001A464F /* Extensions */ = {
			isa = PBXGroup;
			children = (
				044DB3BE20DCE6D3001A464F /* UIViewController.swift */,
				04126467210225590069E0B4 /* Date.swift */,
			);
			path = Extensions;
			sourceTree = "<group>";
		};
		044DB3C120DCF05C001A464F /* List Table View Controller */ = {
			isa = PBXGroup;
			children = (
				041FB247210086680076C504 /* ListTableViewController.swift */,
			);
			path = "List Table View Controller";
			sourceTree = "<group>";
		};
		044DB3C420DCF673001A464F /* Tasks */ = {
			isa = PBXGroup;
			children = (
				044DB3C720DCF69A001A464F /* Tasks View Controller */,
				044DB3C620DCF68E001A464F /* Add Task Table View Controller */,
				044DB3C520DCF67F001A464F /* Task Table View Controller */,
				041264542101EC3B0069E0B4 /* Due Date Table View Controller */,
				041264562101EC6D0069E0B4 /* Reminder Date Table View Controller */,
			);
			path = Tasks;
			sourceTree = "<group>";
		};
		044DB3C520DCF67F001A464F /* Task Table View Controller */ = {
			isa = PBXGroup;
			children = (
				047B5ED020FF74EA00CD2E69 /* TaskTableViewController.swift */,
			);
			path = "Task Table View Controller";
			sourceTree = "<group>";
		};
		044DB3C620DCF68E001A464F /* Add Task Table View Controller */ = {
			isa = PBXGroup;
			children = (
				047B5ED220FF869F00CD2E69 /* AddTaskTableViewController.swift */,
			);
			path = "Add Task Table View Controller";
			sourceTree = "<group>";
		};
		044DB3C720DCF69A001A464F /* Tasks View Controller */ = {
			isa = PBXGroup;
			children = (
				044DB3CD20DCF6DB001A464F /* TasksViewController.swift */,
				044DB3C820DCF6A3001A464F /* Table View Cells */,
			);
			path = "Tasks View Controller";
			sourceTree = "<group>";
		};
		044DB3C820DCF6A3001A464F /* Table View Cells */ = {
			isa = PBXGroup;
			children = (
				044DB3CF20DCF6EC001A464F /* TaskTableViewCell.swift */,
			);
			path = "Table View Cells";
			sourceTree = "<group>";
		};
		0489F2F220E2441500A768C8 /* Icon View Controller */ = {
			isa = PBXGroup;
			children = (
				0489F2F320E2448800A768C8 /* IconViewController.swift */,
				04C8F67020F3A79200A8B7B4 /* Table View Cells */,
			);
			path = "Icon View Controller";
			sourceTree = "<group>";
		};
		04C8F66B20EF788900A8B7B4 /* Extensions */ = {
			isa = PBXGroup;
			children = (
				04C8F66C20EF789D00A8B7B4 /* Task.swift */,
			);
			path = Extensions;
			sourceTree = "<group>";
		};
		04C8F67020F3A79200A8B7B4 /* Table View Cells */ = {
			isa = PBXGroup;
			children = (
				04C8F67120F3A7BA00A8B7B4 /* IconTableViewCell.swift */,
			);
			path = "Table View Cells";
			sourceTree = "<group>";
		};
		04DC333520F75301003678D2 /* Frameworks */ = {
			isa = PBXGroup;
			children = (
				04DC333620F75301003678D2 /* NotificationCenter.framework */,
			);
			name = Frameworks;
			sourceTree = "<group>";
		};
		04DC334F20F76939003678D2 /* JustDoIt Widget */ = {
			isa = PBXGroup;
			children = (
				04DC335E20F78514003678D2 /* View Controllers */,
				04DC335F20F78524003678D2 /* Storyboards */,
				04DC336020F78530003678D2 /* Supporting Files */,
			);
			path = "JustDoIt Widget";
			sourceTree = "<group>";
		};
		04DC335E20F78514003678D2 /* View Controllers */ = {
			isa = PBXGroup;
			children = (
				04DC336120F78568003678D2 /* Today View Controller */,
			);
			path = "View Controllers";
			sourceTree = "<group>";
		};
		04DC335F20F78524003678D2 /* Storyboards */ = {
			isa = PBXGroup;
			children = (
				04DC335220F76939003678D2 /* Widget.storyboard */,
			);
			path = Storyboards;
			sourceTree = "<group>";
		};
		04DC336020F78530003678D2 /* Supporting Files */ = {
			isa = PBXGroup;
			children = (
				04DC335520F76939003678D2 /* Info.plist */,
				04DC336720F78C73003678D2 /* JustDoIt Widget.entitlements */,
			);
			path = "Supporting Files";
			sourceTree = "<group>";
		};
		04DC336120F78568003678D2 /* Today View Controller */ = {
			isa = PBXGroup;
			children = (
				04DC335020F76939003678D2 /* TodayViewController.swift */,
				04DC336220F78573003678D2 /* Table View Cells */,
			);
			path = "Today View Controller";
			sourceTree = "<group>";
		};
		04DC336220F78573003678D2 /* Table View Cells */ = {
			isa = PBXGroup;
			children = (
				04DC336320F7859E003678D2 /* TaskWidgetTableViewCell.swift */,
			);
			path = "Table View Cells";
			sourceTree = "<group>";
		};
/* End PBXGroup section */

/* Begin PBXNativeTarget section */
		044DB39120DBD06C001A464F /* JustDoIt */ = {
			isa = PBXNativeTarget;
			buildConfigurationList = 044DB3A420DBD06D001A464F /* Build configuration list for PBXNativeTarget "JustDoIt" */;
			buildPhases = (
				044DB38E20DBD06C001A464F /* Sources */,
				044DB38F20DBD06C001A464F /* Frameworks */,
				044DB39020DBD06C001A464F /* Resources */,
				04DC334520F75302003678D2 /* Embed App Extensions */,
			);
			buildRules = (
			);
			dependencies = (
				04DC335720F76939003678D2 /* PBXTargetDependency */,
			);
			name = JustDoIt;
			productName = JustDoIt;
			productReference = 044DB39220DBD06C001A464F /* JustDoIt.app */;
			productType = "com.apple.product-type.application";
		};
		04DC334C20F76939003678D2 /* JustDoIt Widget */ = {
			isa = PBXNativeTarget;
			buildConfigurationList = 04DC335920F76939003678D2 /* Build configuration list for PBXNativeTarget "JustDoIt Widget" */;
			buildPhases = (
				04DC334920F76939003678D2 /* Sources */,
				04DC334A20F76939003678D2 /* Frameworks */,
				04DC334B20F76939003678D2 /* Resources */,
			);
			buildRules = (
			);
			dependencies = (
			);
			name = "JustDoIt Widget";
			productName = "JustDoIt Widget";
			productReference = 04DC334D20F76939003678D2 /* JustDoIt Widget.appex */;
			productType = "com.apple.product-type.app-extension";
		};
/* End PBXNativeTarget section */

/* Begin PBXProject section */
		044DB38A20DBD06C001A464F /* Project object */ = {
			isa = PBXProject;
			attributes = {
				LastSwiftUpdateCheck = 1000;
				LastUpgradeCheck = 1000;
				ORGANIZATIONNAME = "Виктория Бадисова";
				TargetAttributes = {
					044DB39120DBD06C001A464F = {
						CreatedOnToolsVersion = 10.0;
						SystemCapabilities = {
							com.apple.ApplicationGroups.iOS = {
								enabled = 1;
							};
						};
					};
					04DC334C20F76939003678D2 = {
						CreatedOnToolsVersion = 10.0;
						SystemCapabilities = {
							com.apple.ApplicationGroups.iOS = {
								enabled = 1;
							};
						};
					};
				};
			};
			buildConfigurationList = 044DB38D20DBD06C001A464F /* Build configuration list for PBXProject "JustDoIt" */;
			compatibilityVersion = "Xcode 9.3";
			developmentRegion = en;
			hasScannedForEncodings = 0;
			knownRegions = (
				en,
				Base,
				ru,
			);
			mainGroup = 044DB38920DBD06C001A464F;
			productRefGroup = 044DB39320DBD06C001A464F /* Products */;
			projectDirPath = "";
			projectRoot = "";
			targets = (
				044DB39120DBD06C001A464F /* JustDoIt */,
				04DC334C20F76939003678D2 /* JustDoIt Widget */,
			);
		};
/* End PBXProject section */

/* Begin PBXResourcesBuildPhase section */
		044DB39020DBD06C001A464F /* Resources */ = {
			isa = PBXResourcesBuildPhase;
			buildActionMask = 2147483647;
			files = (
				041264392100E4070069E0B4 /* Localizable.strings in Resources */,
				044DB3A020DBD06D001A464F /* LaunchScreen.storyboard in Resources */,
				040929B62100DAA7004B57CF /* Tasks.storyboard in Resources */,
				044DB39D20DBD06D001A464F /* Assets.xcassets in Resources */,
				044DB39B20DBD06C001A464F /* Lists.storyboard in Resources */,
			);
			runOnlyForDeploymentPostprocessing = 0;
		};
		04DC334B20F76939003678D2 /* Resources */ = {
			isa = PBXResourcesBuildPhase;
			buildActionMask = 2147483647;
			files = (
				04DC336920FB8EED003678D2 /* Assets.xcassets in Resources */,
				0412644F210105B80069E0B4 /* Localizable.strings in Resources */,
				04DC335420F76939003678D2 /* Widget.storyboard in Resources */,
			);
			runOnlyForDeploymentPostprocessing = 0;
		};
/* End PBXResourcesBuildPhase section */

/* Begin PBXSourcesBuildPhase section */
		044DB38E20DBD06C001A464F /* Sources */ = {
			isa = PBXSourcesBuildPhase;
			buildActionMask = 2147483647;
			files = (
				041FB24A2100934F0076C504 /* AddListTableViewController.swift in Sources */,
				044DB3BF20DCE6D3001A464F /* UIViewController.swift in Sources */,
				044DB39620DBD06C001A464F /* AppDelegate.swift in Sources */,
				044DB3AF20DBD25B001A464F /* ListsViewController.swift in Sources */,
				0412645A2101ECB50069E0B4 /* ReminderDateTableViewController.swift in Sources */,
				041FB248210086680076C504 /* ListTableViewController.swift in Sources */,
				041264522101DF210069E0B4 /* JustDoIt_7_to_8.xcmappingmodel in Sources */,
				041264582101ECA10069E0B4 /* DueDateTableViewController.swift in Sources */,
				0489F2F420E2448800A768C8 /* IconViewController.swift in Sources */,
				044DB3D020DCF6EC001A464F /* TaskTableViewCell.swift in Sources */,
				044DB3B820DBF02A001A464F /* JustDoIt.xcdatamodeld in Sources */,
				04DC332F20F64E03003678D2 /* JustDoIt_6_to_7.xcmappingmodel in Sources */,
				044DB3CE20DCF6DB001A464F /* TasksViewController.swift in Sources */,
				04126463210205D30069E0B4 /* ReminderDateTableViewCell.swift in Sources */,
				047B5ED320FF869F00CD2E69 /* AddTaskTableViewController.swift in Sources */,
				04C8F66D20EF789D00A8B7B4 /* Task.swift in Sources */,
				047B5ED120FF74EA00CD2E69 /* TaskTableViewController.swift in Sources */,
				044DB3B520DBDEF6001A464F /* CoreDataManager.swift in Sources */,
				04126468210225590069E0B4 /* Date.swift in Sources */,
				044DB3B320DBDC2B001A464F /* ListTableViewCell.swift in Sources */,
				04C8F67220F3A7BA00A8B7B4 /* IconTableViewCell.swift in Sources */,
			);
			runOnlyForDeploymentPostprocessing = 0;
		};
		04DC334920F76939003678D2 /* Sources */ = {
			isa = PBXSourcesBuildPhase;
			buildActionMask = 2147483647;
			files = (
				04DC335D20F78419003678D2 /* JustDoIt.xcdatamodeld in Sources */,
				04DC335C20F77B32003678D2 /* CoreDataManager.swift in Sources */,
				04DC336520F78A24003678D2 /* Task.swift in Sources */,
				04DC336620F78A28003678D2 /* JustDoIt_6_to_7.xcmappingmodel in Sources */,
				041264532101E1240069E0B4 /* JustDoIt_7_to_8.xcmappingmodel in Sources */,
				04DC335120F76939003678D2 /* TodayViewController.swift in Sources */,
				04DC336420F7859E003678D2 /* TaskWidgetTableViewCell.swift in Sources */,
			);
			runOnlyForDeploymentPostprocessing = 0;
		};
/* End PBXSourcesBuildPhase section */

/* Begin PBXTargetDependency section */
		04DC335720F76939003678D2 /* PBXTargetDependency */ = {
			isa = PBXTargetDependency;
			target = 04DC334C20F76939003678D2 /* JustDoIt Widget */;
			targetProxy = 04DC335620F76939003678D2 /* PBXContainerItemProxy */;
		};
/* End PBXTargetDependency section */

/* Begin PBXVariantGroup section */
		040929B82100DAA7004B57CF /* Tasks.storyboard */ = {
			isa = PBXVariantGroup;
			children = (
				040929B72100DAA7004B57CF /* Base */,
				0412645C2101F5BD0069E0B4 /* en */,
				0412645E2101F5C00069E0B4 /* ru */,
			);
			name = Tasks.storyboard;
			sourceTree = "<group>";
		};
		0412643B2100E4070069E0B4 /* Localizable.strings */ = {
			isa = PBXVariantGroup;
			children = (
				0412643A2100E4070069E0B4 /* en */,
				0412643C2100E4090069E0B4 /* ru */,
			);
			name = Localizable.strings;
			sourceTree = "<group>";
		};
		044DB39920DBD06C001A464F /* Lists.storyboard */ = {
			isa = PBXVariantGroup;
			children = (
				044DB39A20DBD06C001A464F /* Base */,
				040929B02100D9B3004B57CF /* en */,
				040929B12100DA29004B57CF /* ru */,
			);
			name = Lists.storyboard;
			sourceTree = "<group>";
		};
		044DB39E20DBD06D001A464F /* LaunchScreen.storyboard */ = {
			isa = PBXVariantGroup;
			children = (
				044DB39F20DBD06D001A464F /* Base */,
			);
			name = LaunchScreen.storyboard;
			sourceTree = "<group>";
		};
		04DC335220F76939003678D2 /* Widget.storyboard */ = {
			isa = PBXVariantGroup;
			children = (
				04DC335320F76939003678D2 /* Base */,
				040929B32100DA29004B57CF /* ru */,
				0455D2482100DE5300FB814F /* en */,
			);
			name = Widget.storyboard;
			sourceTree = "<group>";
		};
/* End PBXVariantGroup section */

/* Begin XCBuildConfiguration section */
		044DB3A220DBD06D001A464F /* Debug */ = {
			isa = XCBuildConfiguration;
			buildSettings = {
				ALWAYS_SEARCH_USER_PATHS = NO;
				CLANG_ANALYZER_LOCALIZABILITY_NONLOCALIZED = YES;
				CLANG_ANALYZER_NONNULL = YES;
				CLANG_ANALYZER_NUMBER_OBJECT_CONVERSION = YES_AGGRESSIVE;
				CLANG_CXX_LANGUAGE_STANDARD = "gnu++14";
				CLANG_CXX_LIBRARY = "libc++";
				CLANG_ENABLE_MODULES = YES;
				CLANG_ENABLE_OBJC_ARC = YES;
				CLANG_ENABLE_OBJC_WEAK = YES;
				CLANG_WARN_BLOCK_CAPTURE_AUTORELEASING = YES;
				CLANG_WARN_BOOL_CONVERSION = YES;
				CLANG_WARN_COMMA = YES;
				CLANG_WARN_CONSTANT_CONVERSION = YES;
				CLANG_WARN_DEPRECATED_OBJC_IMPLEMENTATIONS = YES;
				CLANG_WARN_DIRECT_OBJC_ISA_USAGE = YES_ERROR;
				CLANG_WARN_DOCUMENTATION_COMMENTS = YES;
				CLANG_WARN_EMPTY_BODY = YES;
				CLANG_WARN_ENUM_CONVERSION = YES;
				CLANG_WARN_INFINITE_RECURSION = YES;
				CLANG_WARN_INT_CONVERSION = YES;
				CLANG_WARN_NON_LITERAL_NULL_CONVERSION = YES;
				CLANG_WARN_OBJC_IMPLICIT_RETAIN_SELF = YES;
				CLANG_WARN_OBJC_LITERAL_CONVERSION = YES;
				CLANG_WARN_OBJC_ROOT_CLASS = YES_ERROR;
				CLANG_WARN_RANGE_LOOP_ANALYSIS = YES;
				CLANG_WARN_STRICT_PROTOTYPES = YES;
				CLANG_WARN_SUSPICIOUS_MOVE = YES;
				CLANG_WARN_UNGUARDED_AVAILABILITY = YES_AGGRESSIVE;
				CLANG_WARN_UNREACHABLE_CODE = YES;
				CLANG_WARN__DUPLICATE_METHOD_MATCH = YES;
				CODE_SIGN_IDENTITY = "iPhone Developer";
				COPY_PHASE_STRIP = NO;
				DEBUG_INFORMATION_FORMAT = dwarf;
				ENABLE_STRICT_OBJC_MSGSEND = YES;
				ENABLE_TESTABILITY = YES;
				GCC_C_LANGUAGE_STANDARD = gnu11;
				GCC_DYNAMIC_NO_PIC = NO;
				GCC_NO_COMMON_BLOCKS = YES;
				GCC_OPTIMIZATION_LEVEL = 0;
				GCC_PREPROCESSOR_DEFINITIONS = (
					"DEBUG=1",
					"$(inherited)",
				);
				GCC_WARN_64_TO_32_BIT_CONVERSION = YES;
				GCC_WARN_ABOUT_RETURN_TYPE = YES_ERROR;
				GCC_WARN_UNDECLARED_SELECTOR = YES;
				GCC_WARN_UNINITIALIZED_AUTOS = YES_AGGRESSIVE;
				GCC_WARN_UNUSED_FUNCTION = YES;
				GCC_WARN_UNUSED_VARIABLE = YES;
				IPHONEOS_DEPLOYMENT_TARGET = 10.0;
				MTL_ENABLE_DEBUG_INFO = INCLUDE_SOURCE;
				ONLY_ACTIVE_ARCH = YES;
				SDKROOT = iphoneos;
				SWIFT_ACTIVE_COMPILATION_CONDITIONS = DEBUG;
				SWIFT_OPTIMIZATION_LEVEL = "-Onone";
			};
			name = Debug;
		};
		044DB3A320DBD06D001A464F /* Release */ = {
			isa = XCBuildConfiguration;
			buildSettings = {
				ALWAYS_SEARCH_USER_PATHS = NO;
				CLANG_ANALYZER_LOCALIZABILITY_NONLOCALIZED = YES;
				CLANG_ANALYZER_NONNULL = YES;
				CLANG_ANALYZER_NUMBER_OBJECT_CONVERSION = YES_AGGRESSIVE;
				CLANG_CXX_LANGUAGE_STANDARD = "gnu++14";
				CLANG_CXX_LIBRARY = "libc++";
				CLANG_ENABLE_MODULES = YES;
				CLANG_ENABLE_OBJC_ARC = YES;
				CLANG_ENABLE_OBJC_WEAK = YES;
				CLANG_WARN_BLOCK_CAPTURE_AUTORELEASING = YES;
				CLANG_WARN_BOOL_CONVERSION = YES;
				CLANG_WARN_COMMA = YES;
				CLANG_WARN_CONSTANT_CONVERSION = YES;
				CLANG_WARN_DEPRECATED_OBJC_IMPLEMENTATIONS = YES;
				CLANG_WARN_DIRECT_OBJC_ISA_USAGE = YES_ERROR;
				CLANG_WARN_DOCUMENTATION_COMMENTS = YES;
				CLANG_WARN_EMPTY_BODY = YES;
				CLANG_WARN_ENUM_CONVERSION = YES;
				CLANG_WARN_INFINITE_RECURSION = YES;
				CLANG_WARN_INT_CONVERSION = YES;
				CLANG_WARN_NON_LITERAL_NULL_CONVERSION = YES;
				CLANG_WARN_OBJC_IMPLICIT_RETAIN_SELF = YES;
				CLANG_WARN_OBJC_LITERAL_CONVERSION = YES;
				CLANG_WARN_OBJC_ROOT_CLASS = YES_ERROR;
				CLANG_WARN_RANGE_LOOP_ANALYSIS = YES;
				CLANG_WARN_STRICT_PROTOTYPES = YES;
				CLANG_WARN_SUSPICIOUS_MOVE = YES;
				CLANG_WARN_UNGUARDED_AVAILABILITY = YES_AGGRESSIVE;
				CLANG_WARN_UNREACHABLE_CODE = YES;
				CLANG_WARN__DUPLICATE_METHOD_MATCH = YES;
				CODE_SIGN_IDENTITY = "iPhone Developer";
				COPY_PHASE_STRIP = NO;
				DEBUG_INFORMATION_FORMAT = "dwarf-with-dsym";
				ENABLE_NS_ASSERTIONS = NO;
				ENABLE_STRICT_OBJC_MSGSEND = YES;
				GCC_C_LANGUAGE_STANDARD = gnu11;
				GCC_NO_COMMON_BLOCKS = YES;
				GCC_WARN_64_TO_32_BIT_CONVERSION = YES;
				GCC_WARN_ABOUT_RETURN_TYPE = YES_ERROR;
				GCC_WARN_UNDECLARED_SELECTOR = YES;
				GCC_WARN_UNINITIALIZED_AUTOS = YES_AGGRESSIVE;
				GCC_WARN_UNUSED_FUNCTION = YES;
				GCC_WARN_UNUSED_VARIABLE = YES;
				IPHONEOS_DEPLOYMENT_TARGET = 10.0;
				MTL_ENABLE_DEBUG_INFO = NO;
				SDKROOT = iphoneos;
				SWIFT_COMPILATION_MODE = wholemodule;
				SWIFT_OPTIMIZATION_LEVEL = "-O";
				VALIDATE_PRODUCT = YES;
			};
			name = Release;
		};
		044DB3A520DBD06D001A464F /* Debug */ = {
			isa = XCBuildConfiguration;
			buildSettings = {
				ALWAYS_EMBED_SWIFT_STANDARD_LIBRARIES = YES;
				ASSETCATALOG_COMPILER_APPICON_NAME = AppIcon;
				CODE_SIGN_ENTITLEMENTS = "JustDoIt/Supporting Files/JustDoIt.entitlements";
				CODE_SIGN_STYLE = Automatic;
				DEVELOPMENT_TEAM = 9E7V52UM47;
				INFOPLIST_FILE = "JustDoIt/Supporting Files/Info.plist";
				IPHONEOS_DEPLOYMENT_TARGET = 10.0;
				LD_RUNPATH_SEARCH_PATHS = (
					"$(inherited)",
					"@executable_path/Frameworks",
				);
				PRODUCT_BUNDLE_IDENTIFIER = com.vbadisova.JustDoIt;
				PRODUCT_NAME = "$(TARGET_NAME)";
				SWIFT_VERSION = 4.2;
				TARGETED_DEVICE_FAMILY = "1,2";
			};
			name = Debug;
		};
		044DB3A620DBD06D001A464F /* Release */ = {
			isa = XCBuildConfiguration;
			buildSettings = {
				ALWAYS_EMBED_SWIFT_STANDARD_LIBRARIES = YES;
				ASSETCATALOG_COMPILER_APPICON_NAME = AppIcon;
				CODE_SIGN_ENTITLEMENTS = "JustDoIt/Supporting Files/JustDoIt.entitlements";
				CODE_SIGN_STYLE = Automatic;
				DEVELOPMENT_TEAM = 9E7V52UM47;
				INFOPLIST_FILE = "JustDoIt/Supporting Files/Info.plist";
				IPHONEOS_DEPLOYMENT_TARGET = 10.0;
				LD_RUNPATH_SEARCH_PATHS = (
					"$(inherited)",
					"@executable_path/Frameworks",
				);
				PRODUCT_BUNDLE_IDENTIFIER = com.vbadisova.JustDoIt;
				PRODUCT_NAME = "$(TARGET_NAME)";
				SWIFT_VERSION = 4.2;
				TARGETED_DEVICE_FAMILY = "1,2";
			};
			name = Release;
		};
		04DC335A20F76939003678D2 /* Debug */ = {
			isa = XCBuildConfiguration;
			buildSettings = {
				CODE_SIGN_ENTITLEMENTS = "JustDoIt Widget/Supporting Files/JustDoIt Widget.entitlements";
				CODE_SIGN_STYLE = Automatic;
				DEVELOPMENT_TEAM = 9E7V52UM47;
				INFOPLIST_FILE = "JustDoIt Widget/Supporting Files/Info.plist";
				IPHONEOS_DEPLOYMENT_TARGET = 10.0;
				LD_RUNPATH_SEARCH_PATHS = (
					"$(inherited)",
					"@executable_path/Frameworks",
					"@executable_path/../../Frameworks",
				);
				PRODUCT_BUNDLE_IDENTIFIER = "com.vbadisova.JustDoIt.JustDoIt-Widget";
				PRODUCT_NAME = "$(TARGET_NAME)";
				SKIP_INSTALL = YES;
				SWIFT_VERSION = 4.2;
				TARGETED_DEVICE_FAMILY = "1,2";
			};
			name = Debug;
		};
		04DC335B20F76939003678D2 /* Release */ = {
			isa = XCBuildConfiguration;
			buildSettings = {
				CODE_SIGN_ENTITLEMENTS = "JustDoIt Widget/Supporting Files/JustDoIt Widget.entitlements";
				CODE_SIGN_STYLE = Automatic;
				DEVELOPMENT_TEAM = 9E7V52UM47;
				INFOPLIST_FILE = "JustDoIt Widget/Supporting Files/Info.plist";
				IPHONEOS_DEPLOYMENT_TARGET = 10.0;
				LD_RUNPATH_SEARCH_PATHS = (
					"$(inherited)",
					"@executable_path/Frameworks",
					"@executable_path/../../Frameworks",
				);
				PRODUCT_BUNDLE_IDENTIFIER = "com.vbadisova.JustDoIt.JustDoIt-Widget";
				PRODUCT_NAME = "$(TARGET_NAME)";
				SKIP_INSTALL = YES;
				SWIFT_VERSION = 4.2;
				TARGETED_DEVICE_FAMILY = "1,2";
			};
			name = Release;
		};
/* End XCBuildConfiguration section */

/* Begin XCConfigurationList section */
		044DB38D20DBD06C001A464F /* Build configuration list for PBXProject "JustDoIt" */ = {
			isa = XCConfigurationList;
			buildConfigurations = (
				044DB3A220DBD06D001A464F /* Debug */,
				044DB3A320DBD06D001A464F /* Release */,
			);
			defaultConfigurationIsVisible = 0;
			defaultConfigurationName = Release;
		};
		044DB3A420DBD06D001A464F /* Build configuration list for PBXNativeTarget "JustDoIt" */ = {
			isa = XCConfigurationList;
			buildConfigurations = (
				044DB3A520DBD06D001A464F /* Debug */,
				044DB3A620DBD06D001A464F /* Release */,
			);
			defaultConfigurationIsVisible = 0;
			defaultConfigurationName = Release;
		};
		04DC335920F76939003678D2 /* Build configuration list for PBXNativeTarget "JustDoIt Widget" */ = {
			isa = XCConfigurationList;
			buildConfigurations = (
				04DC335A20F76939003678D2 /* Debug */,
				04DC335B20F76939003678D2 /* Release */,
			);
			defaultConfigurationIsVisible = 0;
			defaultConfigurationName = Release;
		};
/* End XCConfigurationList section */

/* Begin XCVersionGroup section */
		044DB3B620DBF02A001A464F /* JustDoIt.xcdatamodeld */ = {
			isa = XCVersionGroup;
			children = (
				041264502101DEA60069E0B4 /* JustDoIt 8.xcdatamodel */,
				04DC332D20F64D2F003678D2 /* JustDoIt 7.xcdatamodel */,
				04C8F66F20EFBB7C00A8B7B4 /* JustDoIt 6.xcdatamodel */,
				04C8F66E20EF8CE500A8B7B4 /* JustDoIt 5.xcdatamodel */,
				04F90E5920E391BE00CDE216 /* JustDoIt 4.xcdatamodel */,
				0489F2F120E2397200A768C8 /* JustDoIt 3.xcdatamodel */,
				044DB3D320DD1284001A464F /* JustDoIt 2.xcdatamodel */,
				044DB3B720DBF02A001A464F /* JustDoIt.xcdatamodel */,
			);
			currentVersion = 041264502101DEA60069E0B4 /* JustDoIt 8.xcdatamodel */;
			path = JustDoIt.xcdatamodeld;
			sourceTree = "<group>";
			versionGroupType = wrapper.xcdatamodel;
		};
/* End XCVersionGroup section */
	};
	rootObject = 044DB38A20DBD06C001A464F /* Project object */;
}
