// !$*UTF8*$!
{
	archiveVersion = 1;
	classes = {
	};
	objectVersion = 50;
	objects = {

/* Begin PBXBuildFile section */
		044DB39620DBD06C001A464F /* AppDelegate.swift in Sources */ = {isa = PBXBuildFile; fileRef = 044DB39520DBD06C001A464F /* AppDelegate.swift */; };
		044DB39B20DBD06C001A464F /* Lists.storyboard in Resources */ = {isa = PBXBuildFile; fileRef = 044DB39920DBD06C001A464F /* Lists.storyboard */; };
		044DB39D20DBD06D001A464F /* Assets.xcassets in Resources */ = {isa = PBXBuildFile; fileRef = 044DB39C20DBD06D001A464F /* Assets.xcassets */; };
		044DB3A020DBD06D001A464F /* LaunchScreen.storyboard in Resources */ = {isa = PBXBuildFile; fileRef = 044DB39E20DBD06D001A464F /* LaunchScreen.storyboard */; };
		044DB3AF20DBD25B001A464F /* ListsViewController.swift in Sources */ = {isa = PBXBuildFile; fileRef = 044DB3AE20DBD25B001A464F /* ListsViewController.swift */; };
		044DB3B320DBDC2B001A464F /* ListTableViewCell.swift in Sources */ = {isa = PBXBuildFile; fileRef = 044DB3B220DBDC2B001A464F /* ListTableViewCell.swift */; };
		044DB3B520DBDEF6001A464F /* CoreDataManager.swift in Sources */ = {isa = PBXBuildFile; fileRef = 044DB3B420DBDEF6001A464F /* CoreDataManager.swift */; };
		044DB3B820DBF02A001A464F /* JustDoIt.xcdatamodeld in Sources */ = {isa = PBXBuildFile; fileRef = 044DB3B620DBF02A001A464F /* JustDoIt.xcdatamodeld */; };
		044DB3BC20DCE4C8001A464F /* AddListViewController.swift in Sources */ = {isa = PBXBuildFile; fileRef = 044DB3BB20DCE4C8001A464F /* AddListViewController.swift */; };
		044DB3BF20DCE6D3001A464F /* UIViewController.swift in Sources */ = {isa = PBXBuildFile; fileRef = 044DB3BE20DCE6D3001A464F /* UIViewController.swift */; };
		044DB3C320DCF0AB001A464F /* ListViewController.swift in Sources */ = {isa = PBXBuildFile; fileRef = 044DB3C220DCF0AB001A464F /* ListViewController.swift */; };
		044DB3CA20DCF6BD001A464F /* ItemViewController.swift in Sources */ = {isa = PBXBuildFile; fileRef = 044DB3C920DCF6BD001A464F /* ItemViewController.swift */; };
		044DB3CC20DCF6CD001A464F /* AddItemViewController.swift in Sources */ = {isa = PBXBuildFile; fileRef = 044DB3CB20DCF6CD001A464F /* AddItemViewController.swift */; };
		044DB3CE20DCF6DB001A464F /* ItemsViewController.swift in Sources */ = {isa = PBXBuildFile; fileRef = 044DB3CD20DCF6DB001A464F /* ItemsViewController.swift */; };
		044DB3D020DCF6EC001A464F /* ItemTableViewCell.swift in Sources */ = {isa = PBXBuildFile; fileRef = 044DB3CF20DCF6EC001A464F /* ItemTableViewCell.swift */; };
		044DB3D220DD033F001A464F /* Items.storyboard in Resources */ = {isa = PBXBuildFile; fileRef = 044DB3D120DD033F001A464F /* Items.storyboard */; };
		0489F2F420E2448800A768C8 /* IconViewController.swift in Sources */ = {isa = PBXBuildFile; fileRef = 0489F2F320E2448800A768C8 /* IconViewController.swift */; };
		0489F2FB20E25CF000A768C8 /* IconCollectionViewCell.swift in Sources */ = {isa = PBXBuildFile; fileRef = 0489F2FA20E25CF000A768C8 /* IconCollectionViewCell.swift */; };
		04C8F66D20EF789D00A8B7B4 /* Item.swift in Sources */ = {isa = PBXBuildFile; fileRef = 04C8F66C20EF789D00A8B7B4 /* Item.swift */; };
/* End PBXBuildFile section */

/* Begin PBXFileReference section */
		044DB39220DBD06C001A464F /* JustDoIt.app */ = {isa = PBXFileReference; explicitFileType = wrapper.application; includeInIndex = 0; path = JustDoIt.app; sourceTree = BUILT_PRODUCTS_DIR; };
		044DB39520DBD06C001A464F /* AppDelegate.swift */ = {isa = PBXFileReference; lastKnownFileType = sourcecode.swift; path = AppDelegate.swift; sourceTree = "<group>"; };
		044DB39A20DBD06C001A464F /* Base */ = {isa = PBXFileReference; lastKnownFileType = file.storyboard; name = Base; path = Base.lproj/Lists.storyboard; sourceTree = "<group>"; };
		044DB39C20DBD06D001A464F /* Assets.xcassets */ = {isa = PBXFileReference; lastKnownFileType = folder.assetcatalog; path = Assets.xcassets; sourceTree = "<group>"; };
		044DB39F20DBD06D001A464F /* Base */ = {isa = PBXFileReference; lastKnownFileType = file.storyboard; name = Base; path = Base.lproj/LaunchScreen.storyboard; sourceTree = "<group>"; };
		044DB3A120DBD06D001A464F /* Info.plist */ = {isa = PBXFileReference; lastKnownFileType = text.plist.xml; path = Info.plist; sourceTree = "<group>"; };
		044DB3AE20DBD25B001A464F /* ListsViewController.swift */ = {isa = PBXFileReference; lastKnownFileType = sourcecode.swift; path = ListsViewController.swift; sourceTree = "<group>"; };
		044DB3B220DBDC2B001A464F /* ListTableViewCell.swift */ = {isa = PBXFileReference; lastKnownFileType = sourcecode.swift; path = ListTableViewCell.swift; sourceTree = "<group>"; };
		044DB3B420DBDEF6001A464F /* CoreDataManager.swift */ = {isa = PBXFileReference; lastKnownFileType = sourcecode.swift; path = CoreDataManager.swift; sourceTree = "<group>"; };
		044DB3B720DBF02A001A464F /* JustDoIt.xcdatamodel */ = {isa = PBXFileReference; lastKnownFileType = wrapper.xcdatamodel; path = JustDoIt.xcdatamodel; sourceTree = "<group>"; };
		044DB3BB20DCE4C8001A464F /* AddListViewController.swift */ = {isa = PBXFileReference; lastKnownFileType = sourcecode.swift; path = AddListViewController.swift; sourceTree = "<group>"; };
		044DB3BE20DCE6D3001A464F /* UIViewController.swift */ = {isa = PBXFileReference; lastKnownFileType = sourcecode.swift; path = UIViewController.swift; sourceTree = "<group>"; };
		044DB3C220DCF0AB001A464F /* ListViewController.swift */ = {isa = PBXFileReference; lastKnownFileType = sourcecode.swift; path = ListViewController.swift; sourceTree = "<group>"; };
		044DB3C920DCF6BD001A464F /* ItemViewController.swift */ = {isa = PBXFileReference; lastKnownFileType = sourcecode.swift; path = ItemViewController.swift; sourceTree = "<group>"; };
		044DB3CB20DCF6CD001A464F /* AddItemViewController.swift */ = {isa = PBXFileReference; lastKnownFileType = sourcecode.swift; path = AddItemViewController.swift; sourceTree = "<group>"; };
		044DB3CD20DCF6DB001A464F /* ItemsViewController.swift */ = {isa = PBXFileReference; lastKnownFileType = sourcecode.swift; path = ItemsViewController.swift; sourceTree = "<group>"; };
		044DB3CF20DCF6EC001A464F /* ItemTableViewCell.swift */ = {isa = PBXFileReference; lastKnownFileType = sourcecode.swift; path = ItemTableViewCell.swift; sourceTree = "<group>"; };
		044DB3D120DD033F001A464F /* Items.storyboard */ = {isa = PBXFileReference; lastKnownFileType = file.storyboard; path = Items.storyboard; sourceTree = "<group>"; };
		044DB3D320DD1284001A464F /* JustDoIt 2.xcdatamodel */ = {isa = PBXFileReference; lastKnownFileType = wrapper.xcdatamodel; path = "JustDoIt 2.xcdatamodel"; sourceTree = "<group>"; };
		0489F2F120E2397200A768C8 /* JustDoIt 3.xcdatamodel */ = {isa = PBXFileReference; lastKnownFileType = wrapper.xcdatamodel; path = "JustDoIt 3.xcdatamodel"; sourceTree = "<group>"; };
		0489F2F320E2448800A768C8 /* IconViewController.swift */ = {isa = PBXFileReference; lastKnownFileType = sourcecode.swift; path = IconViewController.swift; sourceTree = "<group>"; };
		0489F2FA20E25CF000A768C8 /* IconCollectionViewCell.swift */ = {isa = PBXFileReference; lastKnownFileType = sourcecode.swift; path = IconCollectionViewCell.swift; sourceTree = "<group>"; };
		04C8F66C20EF789D00A8B7B4 /* Item.swift */ = {isa = PBXFileReference; lastKnownFileType = sourcecode.swift; path = Item.swift; sourceTree = "<group>"; };
		04F90E5920E391BE00CDE216 /* JustDoIt 4.xcdatamodel */ = {isa = PBXFileReference; lastKnownFileType = wrapper.xcdatamodel; path = "JustDoIt 4.xcdatamodel"; sourceTree = "<group>"; };
/* End PBXFileReference section */

/* Begin PBXFrameworksBuildPhase section */
		044DB38F20DBD06C001A464F /* Frameworks */ = {
			isa = PBXFrameworksBuildPhase;
			buildActionMask = 2147483647;
			files = (
			);
			runOnlyForDeploymentPostprocessing = 0;
		};
/* End PBXFrameworksBuildPhase section */

/* Begin PBXGroup section */
		044DB38920DBD06C001A464F = {
			isa = PBXGroup;
			children = (
				044DB39420DBD06C001A464F /* JustDoIt */,
				044DB39320DBD06C001A464F /* Products */,
			);
			sourceTree = "<group>";
		};
		044DB39320DBD06C001A464F /* Products */ = {
			isa = PBXGroup;
			children = (
				044DB39220DBD06C001A464F /* JustDoIt.app */,
			);
			name = Products;
			sourceTree = "<group>";
		};
		044DB39420DBD06C001A464F /* JustDoIt */ = {
			isa = PBXGroup;
			children = (
				044DB3AD20DBD1F1001A464F /* Application Delegate */,
				044DB3AC20DBD1DE001A464F /* View Controllers */,
				044DB3AB20DBD1CC001A464F /* Storyboards */,
				044DB3BD20DCE6B6001A464F /* Extensions */,
				044DB3AA20DBD1C1001A464F /* Resources */,
				044DB3A920DBD1B6001A464F /* Managers */,
				044DB3A820DBD1A7001A464F /* Core Data */,
				044DB3A720DBD0A4001A464F /* Supporting Files */,
			);
			path = JustDoIt;
			sourceTree = "<group>";
		};
		044DB3A720DBD0A4001A464F /* Supporting Files */ = {
			isa = PBXGroup;
			children = (
				044DB3A120DBD06D001A464F /* Info.plist */,
			);
			path = "Supporting Files";
			sourceTree = "<group>";
		};
		044DB3A820DBD1A7001A464F /* Core Data */ = {
			isa = PBXGroup;
			children = (
				04C8F66B20EF788900A8B7B4 /* Extensions */,
				044DB3B620DBF02A001A464F /* JustDoIt.xcdatamodeld */,
			);
			path = "Core Data";
			sourceTree = "<group>";
		};
		044DB3A920DBD1B6001A464F /* Managers */ = {
			isa = PBXGroup;
			children = (
				044DB3B420DBDEF6001A464F /* CoreDataManager.swift */,
			);
			path = Managers;
			sourceTree = "<group>";
		};
		044DB3AA20DBD1C1001A464F /* Resources */ = {
			isa = PBXGroup;
			children = (
				044DB39C20DBD06D001A464F /* Assets.xcassets */,
			);
			path = Resources;
			sourceTree = "<group>";
		};
		044DB3AB20DBD1CC001A464F /* Storyboards */ = {
			isa = PBXGroup;
			children = (
				044DB39920DBD06C001A464F /* Lists.storyboard */,
				044DB3D120DD033F001A464F /* Items.storyboard */,
				044DB39E20DBD06D001A464F /* LaunchScreen.storyboard */,
			);
			path = Storyboards;
			sourceTree = "<group>";
		};
		044DB3AC20DBD1DE001A464F /* View Controllers */ = {
			isa = PBXGroup;
			children = (
				044DB3B920DBF3BC001A464F /* Lists */,
				044DB3C420DCF673001A464F /* Items */,
			);
			path = "View Controllers";
			sourceTree = "<group>";
		};
		044DB3AD20DBD1F1001A464F /* Application Delegate */ = {
			isa = PBXGroup;
			children = (
				044DB39520DBD06C001A464F /* AppDelegate.swift */,
			);
			path = "Application Delegate";
			sourceTree = "<group>";
		};
		044DB3B020DBD25E001A464F /* Lists View Controller */ = {
			isa = PBXGroup;
			children = (
				044DB3AE20DBD25B001A464F /* ListsViewController.swift */,
				044DB3B120DBDC13001A464F /* Table View Cells */,
			);
			path = "Lists View Controller";
			sourceTree = "<group>";
		};
		044DB3B120DBDC13001A464F /* Table View Cells */ = {
			isa = PBXGroup;
			children = (
				044DB3B220DBDC2B001A464F /* ListTableViewCell.swift */,
			);
			path = "Table View Cells";
			sourceTree = "<group>";
		};
		044DB3B920DBF3BC001A464F /* Lists */ = {
			isa = PBXGroup;
			children = (
				044DB3B020DBD25E001A464F /* Lists View Controller */,
				044DB3BA20DCE498001A464F /* Add List View Controller */,
				044DB3C120DCF05C001A464F /* List View Controller */,
				0489F2F220E2441500A768C8 /* IconViewController */,
			);
			path = Lists;
			sourceTree = "<group>";
		};
		044DB3BA20DCE498001A464F /* Add List View Controller */ = {
			isa = PBXGroup;
			children = (
				044DB3BB20DCE4C8001A464F /* AddListViewController.swift */,
			);
			path = "Add List View Controller";
			sourceTree = "<group>";
		};
		044DB3BD20DCE6B6001A464F /* Extensions */ = {
			isa = PBXGroup;
			children = (
				044DB3BE20DCE6D3001A464F /* UIViewController.swift */,
			);
			path = Extensions;
			sourceTree = "<group>";
		};
		044DB3C120DCF05C001A464F /* List View Controller */ = {
			isa = PBXGroup;
			children = (
				044DB3C220DCF0AB001A464F /* ListViewController.swift */,
			);
			path = "List View Controller";
			sourceTree = "<group>";
		};
		044DB3C420DCF673001A464F /* Items */ = {
			isa = PBXGroup;
			children = (
				044DB3C720DCF69A001A464F /* Items View Controller */,
				044DB3C620DCF68E001A464F /* Add Item View Controller */,
				044DB3C520DCF67F001A464F /* Item View Controller */,
			);
			path = Items;
			sourceTree = "<group>";
		};
		044DB3C520DCF67F001A464F /* Item View Controller */ = {
			isa = PBXGroup;
			children = (
				044DB3C920DCF6BD001A464F /* ItemViewController.swift */,
			);
			path = "Item View Controller";
			sourceTree = "<group>";
		};
		044DB3C620DCF68E001A464F /* Add Item View Controller */ = {
			isa = PBXGroup;
			children = (
				044DB3CB20DCF6CD001A464F /* AddItemViewController.swift */,
			);
			path = "Add Item View Controller";
			sourceTree = "<group>";
		};
		044DB3C720DCF69A001A464F /* Items View Controller */ = {
			isa = PBXGroup;
			children = (
				044DB3CD20DCF6DB001A464F /* ItemsViewController.swift */,
				044DB3C820DCF6A3001A464F /* Table View Cells */,
			);
			path = "Items View Controller";
			sourceTree = "<group>";
		};
		044DB3C820DCF6A3001A464F /* Table View Cells */ = {
			isa = PBXGroup;
			children = (
				044DB3CF20DCF6EC001A464F /* ItemTableViewCell.swift */,
			);
			path = "Table View Cells";
			sourceTree = "<group>";
		};
		0489F2F220E2441500A768C8 /* IconViewController */ = {
			isa = PBXGroup;
			children = (
				0489F2F320E2448800A768C8 /* IconViewController.swift */,
				0489F2F920E25CCD00A768C8 /* IconCollectionViewCell */,
			);
			path = IconViewController;
			sourceTree = "<group>";
		};
		0489F2F920E25CCD00A768C8 /* IconCollectionViewCell */ = {
			isa = PBXGroup;
			children = (
				0489F2FA20E25CF000A768C8 /* IconCollectionViewCell.swift */,
			);
			path = IconCollectionViewCell;
			sourceTree = "<group>";
		};
		04C8F66B20EF788900A8B7B4 /* Extensions */ = {
			isa = PBXGroup;
			children = (
				04C8F66C20EF789D00A8B7B4 /* Item.swift */,
			);
			path = Extensions;
			sourceTree = "<group>";
		};
/* End PBXGroup section */

/* Begin PBXNativeTarget section */
		044DB39120DBD06C001A464F /* JustDoIt */ = {
			isa = PBXNativeTarget;
			buildConfigurationList = 044DB3A420DBD06D001A464F /* Build configuration list for PBXNativeTarget "JustDoIt" */;
			buildPhases = (
				044DB38E20DBD06C001A464F /* Sources */,
				044DB38F20DBD06C001A464F /* Frameworks */,
				044DB39020DBD06C001A464F /* Resources */,
			);
			buildRules = (
			);
			dependencies = (
			);
			name = JustDoIt;
			productName = JustDoIt;
			productReference = 044DB39220DBD06C001A464F /* JustDoIt.app */;
			productType = "com.apple.product-type.application";
		};
/* End PBXNativeTarget section */

/* Begin PBXProject section */
		044DB38A20DBD06C001A464F /* Project object */ = {
			isa = PBXProject;
			attributes = {
				LastSwiftUpdateCheck = 1000;
				LastUpgradeCheck = 1000;
				ORGANIZATIONNAME = "Виктория Бадисова";
				TargetAttributes = {
					044DB39120DBD06C001A464F = {
						CreatedOnToolsVersion = 10.0;
					};
				};
			};
			buildConfigurationList = 044DB38D20DBD06C001A464F /* Build configuration list for PBXProject "JustDoIt" */;
			compatibilityVersion = "Xcode 9.3";
			developmentRegion = en;
			hasScannedForEncodings = 0;
			knownRegions = (
				en,
				Base,
			);
			mainGroup = 044DB38920DBD06C001A464F;
			productRefGroup = 044DB39320DBD06C001A464F /* Products */;
			projectDirPath = "";
			projectRoot = "";
			targets = (
				044DB39120DBD06C001A464F /* JustDoIt */,
			);
		};
/* End PBXProject section */

/* Begin PBXResourcesBuildPhase section */
		044DB39020DBD06C001A464F /* Resources */ = {
			isa = PBXResourcesBuildPhase;
			buildActionMask = 2147483647;
			files = (
				044DB3A020DBD06D001A464F /* LaunchScreen.storyboard in Resources */,
				044DB3D220DD033F001A464F /* Items.storyboard in Resources */,
				044DB39D20DBD06D001A464F /* Assets.xcassets in Resources */,
				044DB39B20DBD06C001A464F /* Lists.storyboard in Resources */,
			);
			runOnlyForDeploymentPostprocessing = 0;
		};
/* End PBXResourcesBuildPhase section */

/* Begin PBXSourcesBuildPhase section */
		044DB38E20DBD06C001A464F /* Sources */ = {
			isa = PBXSourcesBuildPhase;
			buildActionMask = 2147483647;
			files = (
				044DB3BF20DCE6D3001A464F /* UIViewController.swift in Sources */,
				044DB3BC20DCE4C8001A464F /* AddListViewController.swift in Sources */,
				044DB39620DBD06C001A464F /* AppDelegate.swift in Sources */,
				044DB3AF20DBD25B001A464F /* ListsViewController.swift in Sources */,
				0489F2F420E2448800A768C8 /* IconViewController.swift in Sources */,
				0489F2FB20E25CF000A768C8 /* IconCollectionViewCell.swift in Sources */,
				044DB3D020DCF6EC001A464F /* ItemTableViewCell.swift in Sources */,
				044DB3B820DBF02A001A464F /* JustDoIt.xcdatamodeld in Sources */,
				044DB3CC20DCF6CD001A464F /* AddItemViewController.swift in Sources */,
				044DB3CE20DCF6DB001A464F /* ItemsViewController.swift in Sources */,
				04C8F66D20EF789D00A8B7B4 /* Item.swift in Sources */,
				044DB3B520DBDEF6001A464F /* CoreDataManager.swift in Sources */,
				044DB3C320DCF0AB001A464F /* ListViewController.swift in Sources */,
				044DB3B320DBDC2B001A464F /* ListTableViewCell.swift in Sources */,
				044DB3CA20DCF6BD001A464F /* ItemViewController.swift in Sources */,
			);
			runOnlyForDeploymentPostprocessing = 0;
		};
/* End PBXSourcesBuildPhase section */

/* Begin PBXVariantGroup section */
		044DB39920DBD06C001A464F /* Lists.storyboard */ = {
			isa = PBXVariantGroup;
			children = (
				044DB39A20DBD06C001A464F /* Base */,
			);
			name = Lists.storyboard;
			sourceTree = "<group>";
		};
		044DB39E20DBD06D001A464F /* LaunchScreen.storyboard */ = {
			isa = PBXVariantGroup;
			children = (
				044DB39F20DBD06D001A464F /* Base */,
			);
			name = LaunchScreen.storyboard;
			sourceTree = "<group>";
		};
/* End PBXVariantGroup section */

/* Begin XCBuildConfiguration section */
		044DB3A220DBD06D001A464F /* Debug */ = {
			isa = XCBuildConfiguration;
			buildSettings = {
				ALWAYS_SEARCH_USER_PATHS = NO;
				CLANG_ANALYZER_NONNULL = YES;
				CLANG_ANALYZER_NUMBER_OBJECT_CONVERSION = YES_AGGRESSIVE;
				CLANG_CXX_LANGUAGE_STANDARD = "gnu++14";
				CLANG_CXX_LIBRARY = "libc++";
				CLANG_ENABLE_MODULES = YES;
				CLANG_ENABLE_OBJC_ARC = YES;
				CLANG_ENABLE_OBJC_WEAK = YES;
				CLANG_WARN_BLOCK_CAPTURE_AUTORELEASING = YES;
				CLANG_WARN_BOOL_CONVERSION = YES;
				CLANG_WARN_COMMA = YES;
				CLANG_WARN_CONSTANT_CONVERSION = YES;
				CLANG_WARN_DEPRECATED_OBJC_IMPLEMENTATIONS = YES;
				CLANG_WARN_DIRECT_OBJC_ISA_USAGE = YES_ERROR;
				CLANG_WARN_DOCUMENTATION_COMMENTS = YES;
				CLANG_WARN_EMPTY_BODY = YES;
				CLANG_WARN_ENUM_CONVERSION = YES;
				CLANG_WARN_INFINITE_RECURSION = YES;
				CLANG_WARN_INT_CONVERSION = YES;
				CLANG_WARN_NON_LITERAL_NULL_CONVERSION = YES;
				CLANG_WARN_OBJC_IMPLICIT_RETAIN_SELF = YES;
				CLANG_WARN_OBJC_LITERAL_CONVERSION = YES;
				CLANG_WARN_OBJC_ROOT_CLASS = YES_ERROR;
				CLANG_WARN_RANGE_LOOP_ANALYSIS = YES;
				CLANG_WARN_STRICT_PROTOTYPES = YES;
				CLANG_WARN_SUSPICIOUS_MOVE = YES;
				CLANG_WARN_UNGUARDED_AVAILABILITY = YES_AGGRESSIVE;
				CLANG_WARN_UNREACHABLE_CODE = YES;
				CLANG_WARN__DUPLICATE_METHOD_MATCH = YES;
				CODE_SIGN_IDENTITY = "iPhone Developer";
				COPY_PHASE_STRIP = NO;
				DEBUG_INFORMATION_FORMAT = dwarf;
				ENABLE_STRICT_OBJC_MSGSEND = YES;
				ENABLE_TESTABILITY = YES;
				GCC_C_LANGUAGE_STANDARD = gnu11;
				GCC_DYNAMIC_NO_PIC = NO;
				GCC_NO_COMMON_BLOCKS = YES;
				GCC_OPTIMIZATION_LEVEL = 0;
				GCC_PREPROCESSOR_DEFINITIONS = (
					"DEBUG=1",
					"$(inherited)",
				);
				GCC_WARN_64_TO_32_BIT_CONVERSION = YES;
				GCC_WARN_ABOUT_RETURN_TYPE = YES_ERROR;
				GCC_WARN_UNDECLARED_SELECTOR = YES;
				GCC_WARN_UNINITIALIZED_AUTOS = YES_AGGRESSIVE;
				GCC_WARN_UNUSED_FUNCTION = YES;
				GCC_WARN_UNUSED_VARIABLE = YES;
				IPHONEOS_DEPLOYMENT_TARGET = 10.0;
				MTL_ENABLE_DEBUG_INFO = INCLUDE_SOURCE;
				ONLY_ACTIVE_ARCH = YES;
				SDKROOT = iphoneos;
				SWIFT_ACTIVE_COMPILATION_CONDITIONS = DEBUG;
				SWIFT_OPTIMIZATION_LEVEL = "-Onone";
			};
			name = Debug;
		};
		044DB3A320DBD06D001A464F /* Release */ = {
			isa = XCBuildConfiguration;
			buildSettings = {
				ALWAYS_SEARCH_USER_PATHS = NO;
				CLANG_ANALYZER_NONNULL = YES;
				CLANG_ANALYZER_NUMBER_OBJECT_CONVERSION = YES_AGGRESSIVE;
				CLANG_CXX_LANGUAGE_STANDARD = "gnu++14";
				CLANG_CXX_LIBRARY = "libc++";
				CLANG_ENABLE_MODULES = YES;
				CLANG_ENABLE_OBJC_ARC = YES;
				CLANG_ENABLE_OBJC_WEAK = YES;
				CLANG_WARN_BLOCK_CAPTURE_AUTORELEASING = YES;
				CLANG_WARN_BOOL_CONVERSION = YES;
				CLANG_WARN_COMMA = YES;
				CLANG_WARN_CONSTANT_CONVERSION = YES;
				CLANG_WARN_DEPRECATED_OBJC_IMPLEMENTATIONS = YES;
				CLANG_WARN_DIRECT_OBJC_ISA_USAGE = YES_ERROR;
				CLANG_WARN_DOCUMENTATION_COMMENTS = YES;
				CLANG_WARN_EMPTY_BODY = YES;
				CLANG_WARN_ENUM_CONVERSION = YES;
				CLANG_WARN_INFINITE_RECURSION = YES;
				CLANG_WARN_INT_CONVERSION = YES;
				CLANG_WARN_NON_LITERAL_NULL_CONVERSION = YES;
				CLANG_WARN_OBJC_IMPLICIT_RETAIN_SELF = YES;
				CLANG_WARN_OBJC_LITERAL_CONVERSION = YES;
				CLANG_WARN_OBJC_ROOT_CLASS = YES_ERROR;
				CLANG_WARN_RANGE_LOOP_ANALYSIS = YES;
				CLANG_WARN_STRICT_PROTOTYPES = YES;
				CLANG_WARN_SUSPICIOUS_MOVE = YES;
				CLANG_WARN_UNGUARDED_AVAILABILITY = YES_AGGRESSIVE;
				CLANG_WARN_UNREACHABLE_CODE = YES;
				CLANG_WARN__DUPLICATE_METHOD_MATCH = YES;
				CODE_SIGN_IDENTITY = "iPhone Developer";
				COPY_PHASE_STRIP = NO;
				DEBUG_INFORMATION_FORMAT = "dwarf-with-dsym";
				ENABLE_NS_ASSERTIONS = NO;
				ENABLE_STRICT_OBJC_MSGSEND = YES;
				GCC_C_LANGUAGE_STANDARD = gnu11;
				GCC_NO_COMMON_BLOCKS = YES;
				GCC_WARN_64_TO_32_BIT_CONVERSION = YES;
				GCC_WARN_ABOUT_RETURN_TYPE = YES_ERROR;
				GCC_WARN_UNDECLARED_SELECTOR = YES;
				GCC_WARN_UNINITIALIZED_AUTOS = YES_AGGRESSIVE;
				GCC_WARN_UNUSED_FUNCTION = YES;
				GCC_WARN_UNUSED_VARIABLE = YES;
				IPHONEOS_DEPLOYMENT_TARGET = 10.0;
				MTL_ENABLE_DEBUG_INFO = NO;
				SDKROOT = iphoneos;
				SWIFT_COMPILATION_MODE = wholemodule;
				SWIFT_OPTIMIZATION_LEVEL = "-O";
				VALIDATE_PRODUCT = YES;
			};
			name = Release;
		};
		044DB3A520DBD06D001A464F /* Debug */ = {
			isa = XCBuildConfiguration;
			buildSettings = {
				ASSETCATALOG_COMPILER_APPICON_NAME = AppIcon;
				CODE_SIGN_STYLE = Automatic;
				DEVELOPMENT_TEAM = 9E7V52UM47;
				INFOPLIST_FILE = "JustDoIt/Supporting Files/Info.plist";
				IPHONEOS_DEPLOYMENT_TARGET = 10.0;
				LD_RUNPATH_SEARCH_PATHS = (
					"$(inherited)",
					"@executable_path/Frameworks",
				);
				PRODUCT_BUNDLE_IDENTIFIER = com.vbadisova.JustDoIt;
				PRODUCT_NAME = "$(TARGET_NAME)";
				SWIFT_VERSION = 4.2;
				TARGETED_DEVICE_FAMILY = "1,2";
			};
			name = Debug;
		};
		044DB3A620DBD06D001A464F /* Release */ = {
			isa = XCBuildConfiguration;
			buildSettings = {
				ASSETCATALOG_COMPILER_APPICON_NAME = AppIcon;
				CODE_SIGN_STYLE = Automatic;
				DEVELOPMENT_TEAM = 9E7V52UM47;
				INFOPLIST_FILE = "JustDoIt/Supporting Files/Info.plist";
				IPHONEOS_DEPLOYMENT_TARGET = 10.0;
				LD_RUNPATH_SEARCH_PATHS = (
					"$(inherited)",
					"@executable_path/Frameworks",
				);
				PRODUCT_BUNDLE_IDENTIFIER = com.vbadisova.JustDoIt;
				PRODUCT_NAME = "$(TARGET_NAME)";
				SWIFT_VERSION = 4.2;
				TARGETED_DEVICE_FAMILY = "1,2";
			};
			name = Release;
		};
/* End XCBuildConfiguration section */

/* Begin XCConfigurationList section */
		044DB38D20DBD06C001A464F /* Build configuration list for PBXProject "JustDoIt" */ = {
			isa = XCConfigurationList;
			buildConfigurations = (
				044DB3A220DBD06D001A464F /* Debug */,
				044DB3A320DBD06D001A464F /* Release */,
			);
			defaultConfigurationIsVisible = 0;
			defaultConfigurationName = Release;
		};
		044DB3A420DBD06D001A464F /* Build configuration list for PBXNativeTarget "JustDoIt" */ = {
			isa = XCConfigurationList;
			buildConfigurations = (
				044DB3A520DBD06D001A464F /* Debug */,
				044DB3A620DBD06D001A464F /* Release */,
			);
			defaultConfigurationIsVisible = 0;
			defaultConfigurationName = Release;
		};
/* End XCConfigurationList section */

/* Begin XCVersionGroup section */
		044DB3B620DBF02A001A464F /* JustDoIt.xcdatamodeld */ = {
			isa = XCVersionGroup;
			children = (
				04F90E5920E391BE00CDE216 /* JustDoIt 4.xcdatamodel */,
				0489F2F120E2397200A768C8 /* JustDoIt 3.xcdatamodel */,
				044DB3D320DD1284001A464F /* JustDoIt 2.xcdatamodel */,
				044DB3B720DBF02A001A464F /* JustDoIt.xcdatamodel */,
			);
			currentVersion = 04F90E5920E391BE00CDE216 /* JustDoIt 4.xcdatamodel */;
			path = JustDoIt.xcdatamodeld;
			sourceTree = "<group>";
			versionGroupType = wrapper.xcdatamodel;
		};
/* End XCVersionGroup section */
	};
	rootObject = 044DB38A20DBD06C001A464F /* Project object */;
}
